{
  "name": "subtitle-hover-translator",
  "version": "1.0.0",
  "lockfileVersion": 3,
  "requires": true,
  "packages": {
    "": {
      "name": "subtitle-hover-translator",
      "version": "1.0.0",
      "devDependencies": {
        "playwright-core": "^1.52.0"
      }
    },
    "node_modules/playwright-core": {
      "version": "1.58.2",
      "dev": true,
      "license": "Apache-2.0",
      "bin": {
        "playwright-core": "cli.js"
      },
      "engines": {
        "node": ">=18"
      }
    }
  }
}
