// !$*UTF8*$!
{
	archiveVersion = 1;
	classes = {
	};
	objectVersion = 77;
	objects = {

/* Begin PBXBuildFile section */
		49DD48BF48BE1DF11AFF9881 /* SubtitleHoverTranslatorUITests.swift in Sources */ = {isa = PBXBuildFile; fileRef = 893DFEA96FCE51401686BA04 /* SubtitleHoverTranslatorUITests.swift */; };
		50F5FDC92F5CF43D00DC17D2 /* AppDelegate.swift in Sources */ = {isa = PBXBuildFile; fileRef = 50F5FDC82F5CF43D00DC17D2 /* AppDelegate.swift */; };
		50F5FDCD2F5CF43D00DC17D2 /* Main.html in Resources */ = {isa = PBXBuildFile; fileRef = 50F5FDCB2F5CF43D00DC17D2 /* Main.html */; };
		50F5FDCF2F5CF43D00DC17D2 /* Icon.png in Resources */ = {isa = PBXBuildFile; fileRef = 50F5FDCE2F5CF43D00DC17D2 /* Icon.png */; };
		50F5FDD12F5CF43D00DC17D2 /* Style.css in Resources */ = {isa = PBXBuildFile; fileRef = 50F5FDD02F5CF43D00DC17D2 /* Style.css */; };
		50F5FDD32F5CF43D00DC17D2 /* SceneDelegate.swift in Sources */ = {isa = PBXBuildFile; fileRef = 50F5FDD22F5CF43D00DC17D2 /* SceneDelegate.swift */; };
		50F5FDD52F5CF43D00DC17D2 /* ViewController.swift in Sources */ = {isa = PBXBuildFile; fileRef = 50F5FDD42F5CF43D00DC17D2 /* ViewController.swift */; };
		50F5FDD82F5CF43D00DC17D2 /* LaunchScreen.storyboard in Resources */ = {isa = PBXBuildFile; fileRef = 50F5FDD62F5CF43D00DC17D2 /* LaunchScreen.storyboard */; };
		50F5FDDB2F5CF43D00DC17D2 /* Main.storyboard in Resources */ = {isa = PBXBuildFile; fileRef = 50F5FDD92F5CF43D00DC17D2 /* Main.storyboard */; };
		50F5FDE32F5CF44A00DC17D2 /* Subtitle Hover Translator Extension.appex in Embed Foundation Extensions */ = {isa = PBXBuildFile; fileRef = 50F5FDE22F5CF44A00DC17D2 /* Subtitle Hover Translator Extension.appex */; settings = {ATTRIBUTES = (RemoveHeadersOnCopy, ); }; };
		50F5FDE82F5CF44A00DC17D2 /* SafariWebExtensionHandler.swift in Sources */ = {isa = PBXBuildFile; fileRef = 50F5FDE72F5CF44A00DC17D2 /* SafariWebExtensionHandler.swift */; };
		50F5FDEA2F5CF44A00DC17D2 /* Assets.xcassets in Resources */ = {isa = PBXBuildFile; fileRef = 50F5FDDC2F5CF44800DC17D2 /* Assets.xcassets */; };
		50F5FDFD2F5CF44E00DC17D2 /* popup.js in Resources */ = {isa = PBXBuildFile; fileRef = 50F5FDF52F5CF44E00DC17D2 /* popup.js */; };
		50F5FDFE2F5CF44E00DC17D2 /* content.css in Resources */ = {isa = PBXBuildFile; fileRef = 50F5FDF62F5CF44E00DC17D2 /* content.css */; };
		50F5FDFF2F5CF44E00DC17D2 /* background.js in Resources */ = {isa = PBXBuildFile; fileRef = 50F5FDF72F5CF44E00DC17D2 /* background.js */; };
		50F5FE002F5CF44E00DC17D2 /* popup.html in Resources */ = {isa = PBXBuildFile; fileRef = 50F5FDF82F5CF44E00DC17D2 /* popup.html */; };
		50F5FE012F5CF44E00DC17D2 /* README.md in Resources */ = {isa = PBXBuildFile; fileRef = 50F5FDF92F5CF44E00DC17D2 /* README.md */; };
		50F5FE022F5CF44E00DC17D2 /* manifest.json in Resources */ = {isa = PBXBuildFile; fileRef = 50F5FDFA2F5CF44E00DC17D2 /* manifest.json */; };
		50F5FE032F5CF44E00DC17D2 /* popup.css in Resources */ = {isa = PBXBuildFile; fileRef = 50F5FDFB2F5CF44E00DC17D2 /* popup.css */; };
		50F5FE042F5CF44E00DC17D2 /* content.js in Resources */ = {isa = PBXBuildFile; fileRef = 50F5FDFC2F5CF44E00DC17D2 /* content.js */; };
		88D3EA71A0D74F2F8FC8501E /* icons in Resources */ = {isa = PBXBuildFile; fileRef = CDB17B247A9942FE86F2297B /* icons */; };
		C93CC3B785B84CD03F4A5B66 /* Script.js in Resources */ = {isa = PBXBuildFile; fileRef = 45C919CBEE557A902E3475A4 /* Script.js */; };
/* End PBXBuildFile section */

/* Begin PBXContainerItemProxy section */
		42F0DA5B690CD2998874BE11 /* PBXContainerItemProxy */ = {
			isa = PBXContainerItemProxy;
			containerPortal = 50F5FDBD2F5CF43D00DC17D2 /* Project object */;
			proxyType = 1;
			remoteGlobalIDString = 50F5FDC42F5CF43D00DC17D2;
			remoteInfo = "Subtitle Hover Translator";
		};
		50F5FDE42F5CF44A00DC17D2 /* PBXContainerItemProxy */ = {
			isa = PBXContainerItemProxy;
			containerPortal = 50F5FDBD2F5CF43D00DC17D2 /* Project object */;
			proxyType = 1;
			remoteGlobalIDString = 50F5FDE12F5CF44A00DC17D2;
			remoteInfo = "Subtitle Hover Translator Extension";
		};
/* End PBXContainerItemProxy section */

/* Begin PBXCopyFilesBuildPhase section */
		50F5FDF02F5CF44A00DC17D2 /* Embed Foundation Extensions */ = {
			isa = PBXCopyFilesBuildPhase;
			buildActionMask = 2147483647;
			dstPath = "";
			dstSubfolderSpec = 13;
			files = (
				50F5FDE32F5CF44A00DC17D2 /* Subtitle Hover Translator Extension.appex in Embed Foundation Extensions */,
			);
			name = "Embed Foundation Extensions";
			runOnlyForDeploymentPostprocessing = 0;
		};
/* End PBXCopyFilesBuildPhase section */

/* Begin PBXFileReference section */
		45C919CBEE557A902E3475A4 /* Script.js */ = {isa = PBXFileReference; includeInIndex = 1; path = Script.js; sourceTree = "<group>"; };
		50F5FDC52F5CF43D00DC17D2 /* Subtitle Hover Translator.app */ = {isa = PBXFileReference; explicitFileType = wrapper.application; includeInIndex = 0; path = "Subtitle Hover Translator.app"; sourceTree = BUILT_PRODUCTS_DIR; };
		50F5FDC82F5CF43D00DC17D2 /* AppDelegate.swift */ = {isa = PBXFileReference; lastKnownFileType = sourcecode.swift; path = AppDelegate.swift; sourceTree = "<group>"; };
		50F5FDCC2F5CF43D00DC17D2 /* Base */ = {isa = PBXFileReference; lastKnownFileType = text.html; name = Base; path = Base.lproj/Main.html; sourceTree = "<group>"; };
		50F5FDCE2F5CF43D00DC17D2 /* Icon.png */ = {isa = PBXFileReference; lastKnownFileType = image.png; path = Icon.png; sourceTree = "<group>"; };
		50F5FDD02F5CF43D00DC17D2 /* Style.css */ = {isa = PBXFileReference; lastKnownFileType = text.css; path = Style.css; sourceTree = "<group>"; };
		50F5FDD22F5CF43D00DC17D2 /* SceneDelegate.swift */ = {isa = PBXFileReference; lastKnownFileType = sourcecode.swift; path = SceneDelegate.swift; sourceTree = "<group>"; };
		50F5FDD42F5CF43D00DC17D2 /* ViewController.swift */ = {isa = PBXFileReference; lastKnownFileType = sourcecode.swift; path = ViewController.swift; sourceTree = "<group>"; };
		50F5FDD72F5CF43D00DC17D2 /* Base */ = {isa = PBXFileReference; lastKnownFileType = file.storyboard; name = Base; path = Base.lproj/LaunchScreen.storyboard; sourceTree = "<group>"; };
		50F5FDDA2F5CF43D00DC17D2 /* Base */ = {isa = PBXFileReference; lastKnownFileType = file.storyboard; name = Base; path = Base.lproj/Main.storyboard; sourceTree = "<group>"; };
		50F5FDDC2F5CF44800DC17D2 /* Assets.xcassets */ = {isa = PBXFileReference; lastKnownFileType = folder.assetcatalog; path = Assets.xcassets; sourceTree = "<group>"; };
		50F5FDDD2F5CF44800DC17D2 /* Info.plist */ = {isa = PBXFileReference; lastKnownFileType = text.plist.xml; path = Info.plist; sourceTree = "<group>"; };
		50F5FDE22F5CF44A00DC17D2 /* Subtitle Hover Translator Extension.appex */ = {isa = PBXFileReference; explicitFileType = "wrapper.app-extension"; includeInIndex = 0; path = "Subtitle Hover Translator Extension.appex"; sourceTree = BUILT_PRODUCTS_DIR; };
		50F5FDE72F5CF44A00DC17D2 /* SafariWebExtensionHandler.swift */ = {isa = PBXFileReference; lastKnownFileType = sourcecode.swift; path = SafariWebExtensionHandler.swift; sourceTree = "<group>"; };
		50F5FDE92F5CF44A00DC17D2 /* Info.plist */ = {isa = PBXFileReference; lastKnownFileType = text.plist.xml; path = Info.plist; sourceTree = "<group>"; };
		50F5FDF52F5CF44E00DC17D2 /* popup.js */ = {isa = PBXFileReference; lastKnownFileType = sourcecode.javascript; name = popup.js; path = Resources/popup.js; sourceTree = "<group>"; };
		50F5FDF62F5CF44E00DC17D2 /* content.css */ = {isa = PBXFileReference; lastKnownFileType = text.css; name = content.css; path = Resources/content.css; sourceTree = "<group>"; };
		50F5FDF72F5CF44E00DC17D2 /* background.js */ = {isa = PBXFileReference; lastKnownFileType = sourcecode.javascript; name = background.js; path = Resources/background.js; sourceTree = "<group>"; };
		50F5FDF82F5CF44E00DC17D2 /* popup.html */ = {isa = PBXFileReference; lastKnownFileType = text.html; name = popup.html; path = Resources/popup.html; sourceTree = "<group>"; };
		50F5FDF92F5CF44E00DC17D2 /* README.md */ = {isa = PBXFileReference; lastKnownFileType = net.daringfireball.markdown; name = README.md; path = Resources/README.md; sourceTree = "<group>"; };
		50F5FDFA2F5CF44E00DC17D2 /* manifest.json */ = {isa = PBXFileReference; lastKnownFileType = text.json; name = manifest.json; path = Resources/manifest.json; sourceTree = "<group>"; };
		50F5FDFB2F5CF44E00DC17D2 /* popup.css */ = {isa = PBXFileReference; lastKnownFileType = text.css; name = popup.css; path = Resources/popup.css; sourceTree = "<group>"; };
		50F5FDFC2F5CF44E00DC17D2 /* content.js */ = {isa = PBXFileReference; lastKnownFileType = sourcecode.javascript; name = content.js; path = Resources/content.js; sourceTree = "<group>"; };
		CDB17B247A9942FE86F2297B /* icons */ = {isa = PBXFileReference; lastKnownFileType = folder; name = icons; path = Resources/icons; sourceTree = "<group>"; };
		893DFEA96FCE51401686BA04 /* SubtitleHoverTranslatorUITests.swift */ = {isa = PBXFileReference; includeInIndex = 1; lastKnownFileType = sourcecode.swift; path = SubtitleHoverTranslatorUITests.swift; sourceTree = "<group>"; };
		D40BBB6DC450DA4F63B2269F /* Subtitle Hover TranslatorUITests.xctest */ = {isa = PBXFileReference; explicitFileType = wrapper.cfbundle; includeInIndex = 0; path = "Subtitle Hover TranslatorUITests.xctest"; sourceTree = BUILT_PRODUCTS_DIR; };
		DE8C85BD9D7C7C1651490454 /* Info.plist */ = {isa = PBXFileReference; includeInIndex = 1; lastKnownFileType = text.plist.xml; path = Info.plist; sourceTree = "<group>"; };
/* End PBXFileReference section */

/* Begin PBXFrameworksBuildPhase section */
		1820280B8FE108C632C78F15 /* Frameworks */ = {
			isa = PBXFrameworksBuildPhase;
			buildActionMask = 2147483647;
			files = (
			);
			runOnlyForDeploymentPostprocessing = 0;
		};
		50F5FDC22F5CF43D00DC17D2 /* Frameworks */ = {
			isa = PBXFrameworksBuildPhase;
			buildActionMask = 2147483647;
			files = (
			);
			runOnlyForDeploymentPostprocessing = 0;
		};
		50F5FDDF2F5CF44A00DC17D2 /* Frameworks */ = {
			isa = PBXFrameworksBuildPhase;
			buildActionMask = 2147483647;
			files = (
			);
			runOnlyForDeploymentPostprocessing = 0;
		};
/* End PBXFrameworksBuildPhase section */

/* Begin PBXGroup section */
		0907D337D03210582B0077DC /* Subtitle Hover TranslatorUITests */ = {
			isa = PBXGroup;
			children = (
				DE8C85BD9D7C7C1651490454 /* Info.plist */,
				893DFEA96FCE51401686BA04 /* SubtitleHoverTranslatorUITests.swift */,
			);
			name = "Subtitle Hover TranslatorUITests";
			path = "Subtitle Hover TranslatorUITests";
			sourceTree = "<group>";
		};
		50F5FDBC2F5CF43D00DC17D2 = {
			isa = PBXGroup;
			children = (
				50F5FDC72F5CF43D00DC17D2 /* Subtitle Hover Translator */,
				50F5FDE62F5CF44A00DC17D2 /* Subtitle Hover Translator Extension */,
				50F5FDC62F5CF43D00DC17D2 /* Products */,
				0907D337D03210582B0077DC /* Subtitle Hover TranslatorUITests */,
				B7EA75786BDD4E0ECC43F4AE /* Frameworks */,
			);
			sourceTree = "<group>";
		};
		50F5FDC62F5CF43D00DC17D2 /* Products */ = {
			isa = PBXGroup;
			children = (
				50F5FDC52F5CF43D00DC17D2 /* Subtitle Hover Translator.app */,
				50F5FDE22F5CF44A00DC17D2 /* Subtitle Hover Translator Extension.appex */,
				D40BBB6DC450DA4F63B2269F /* Subtitle Hover TranslatorUITests.xctest */,
			);
			name = Products;
			sourceTree = "<group>";
		};
		50F5FDC72F5CF43D00DC17D2 /* Subtitle Hover Translator */ = {
			isa = PBXGroup;
			children = (
				50F5FDC82F5CF43D00DC17D2 /* AppDelegate.swift */,
				50F5FDD22F5CF43D00DC17D2 /* SceneDelegate.swift */,
				50F5FDD42F5CF43D00DC17D2 /* ViewController.swift */,
				50F5FDD62F5CF43D00DC17D2 /* LaunchScreen.storyboard */,
				50F5FDD92F5CF43D00DC17D2 /* Main.storyboard */,
				50F5FDDC2F5CF44800DC17D2 /* Assets.xcassets */,
				50F5FDDD2F5CF44800DC17D2 /* Info.plist */,
				50F5FDCA2F5CF43D00DC17D2 /* Resources */,
			);
			path = "Subtitle Hover Translator";
			sourceTree = "<group>";
		};
		50F5FDCA2F5CF43D00DC17D2 /* Resources */ = {
			isa = PBXGroup;
			children = (
				50F5FDCB2F5CF43D00DC17D2 /* Main.html */,
				50F5FDCE2F5CF43D00DC17D2 /* Icon.png */,
				50F5FDD02F5CF43D00DC17D2 /* Style.css */,
				45C919CBEE557A902E3475A4 /* Script.js */,
			);
			path = Resources;
			sourceTree = "<group>";
		};
		50F5FDE62F5CF44A00DC17D2 /* Subtitle Hover Translator Extension */ = {
			isa = PBXGroup;
			children = (
				50F5FDF42F5CF44E00DC17D2 /* Resources */,
				50F5FDE72F5CF44A00DC17D2 /* SafariWebExtensionHandler.swift */,
				50F5FDE92F5CF44A00DC17D2 /* Info.plist */,
			);
			path = "Subtitle Hover Translator Extension";
			sourceTree = "<group>";
		};
		50F5FDF42F5CF44E00DC17D2 /* Resources */ = {
			isa = PBXGroup;
			children = (
				50F5FDF52F5CF44E00DC17D2 /* popup.js */,
				50F5FDF62F5CF44E00DC17D2 /* content.css */,
				50F5FDF72F5CF44E00DC17D2 /* background.js */,
				50F5FDF82F5CF44E00DC17D2 /* popup.html */,
				50F5FDF92F5CF44E00DC17D2 /* README.md */,
				50F5FDFA2F5CF44E00DC17D2 /* manifest.json */,
				50F5FDFB2F5CF44E00DC17D2 /* popup.css */,
				50F5FDFC2F5CF44E00DC17D2 /* content.js */,
				CDB17B247A9942FE86F2297B /* icons */,
			);
			name = Resources;
			path = "Subtitle Hover Translator Extension";
			sourceTree = SOURCE_ROOT;
		};
		B7EA75786BDD4E0ECC43F4AE /* Frameworks */ = {
			isa = PBXGroup;
			children = (
			);
			name = Frameworks;
			sourceTree = "<group>";
		};
/* End PBXGroup section */

/* Begin PBXNativeTarget section */
		50F5FDC42F5CF43D00DC17D2 /* Subtitle Hover Translator */ = {
			isa = PBXNativeTarget;
			buildConfigurationList = 50F5FDF12F5CF44A00DC17D2 /* Build configuration list for PBXNativeTarget "Subtitle Hover Translator" */;
			buildPhases = (
				50F5FDC12F5CF43D00DC17D2 /* Sources */,
				50F5FDC22F5CF43D00DC17D2 /* Frameworks */,
				50F5FDC32F5CF43D00DC17D2 /* Resources */,
				50F5FDF02F5CF44A00DC17D2 /* Embed Foundation Extensions */,
			);
			buildRules = (
			);
			dependencies = (
				50F5FDE52F5CF44A00DC17D2 /* PBXTargetDependency */,
			);
			name = "Subtitle Hover Translator";
			productName = "Subtitle Hover Translator";
			productReference = 50F5FDC52F5CF43D00DC17D2 /* Subtitle Hover Translator.app */;
			productType = "com.apple.product-type.application";
		};
		50F5FDE12F5CF44A00DC17D2 /* Subtitle Hover Translator Extension */ = {
			isa = PBXNativeTarget;
			buildConfigurationList = 50F5FDED2F5CF44A00DC17D2 /* Build configuration list for PBXNativeTarget "Subtitle Hover Translator Extension" */;
			buildPhases = (
				50F5FDDE2F5CF44A00DC17D2 /* Sources */,
				50F5FDDF2F5CF44A00DC17D2 /* Frameworks */,
				50F5FDE02F5CF44A00DC17D2 /* Resources */,
			);
			buildRules = (
			);
			dependencies = (
			);
			name = "Subtitle Hover Translator Extension";
			productName = "Subtitle Hover Translator Extension";
			productReference = 50F5FDE22F5CF44A00DC17D2 /* Subtitle Hover Translator Extension.appex */;
			productType = "com.apple.product-type.app-extension";
		};
		9A0B3F32A3709C8F82B50E28 /* Subtitle Hover TranslatorUITests */ = {
			isa = PBXNativeTarget;
			buildConfigurationList = 85778A4CCDA0411AC4DB0BD1 /* Build configuration list for PBXNativeTarget "Subtitle Hover TranslatorUITests" */;
			buildPhases = (
				722488D523AEDABF8CD1BDAB /* Sources */,
				1820280B8FE108C632C78F15 /* Frameworks */,
				2298C15FAD8D19CB800767B7 /* Resources */,
			);
			buildRules = (
			);
			dependencies = (
				CA9B58D93AD3CEF2EE8CB24F /* PBXTargetDependency */,
			);
			name = "Subtitle Hover TranslatorUITests";
			productName = "Subtitle Hover TranslatorUITests";
			productReference = D40BBB6DC450DA4F63B2269F /* Subtitle Hover TranslatorUITests.xctest */;
			productType = "com.apple.product-type.bundle.ui-testing";
		};
/* End PBXNativeTarget section */

/* Begin PBXProject section */
		50F5FDBD2F5CF43D00DC17D2 /* Project object */ = {
			isa = PBXProject;
			attributes = {
				BuildIndependentTargetsInParallel = 1;
				LastSwiftUpdateCheck = 2620;
				LastUpgradeCheck = 2620;
				TargetAttributes = {
					50F5FDC42F5CF43D00DC17D2 = {
						CreatedOnToolsVersion = 26.2;
					};
					50F5FDE12F5CF44A00DC17D2 = {
						CreatedOnToolsVersion = 26.2;
					};
					9A0B3F32A3709C8F82B50E28 = {
						CreatedOnToolsVersion = 26.2;
						TestTargetID = 50F5FDC42F5CF43D00DC17D2;
					};
				};
			};
			buildConfigurationList = 50F5FDC02F5CF43D00DC17D2 /* Build configuration list for PBXProject "Subtitle Hover Translator" */;
			developmentRegion = en;
			hasScannedForEncodings = 0;
			knownRegions = (
				en,
				Base,
			);
			mainGroup = 50F5FDBC2F5CF43D00DC17D2;
			minimizedProjectReferenceProxies = 1;
			preferredProjectObjectVersion = 77;
			productRefGroup = 50F5FDC62F5CF43D00DC17D2 /* Products */;
			projectDirPath = "";
			projectRoot = "";
			targets = (
				50F5FDC42F5CF43D00DC17D2 /* Subtitle Hover Translator */,
				50F5FDE12F5CF44A00DC17D2 /* Subtitle Hover Translator Extension */,
				9A0B3F32A3709C8F82B50E28 /* Subtitle Hover TranslatorUITests */,
			);
		};
/* End PBXProject section */

/* Begin PBXResourcesBuildPhase section */
		2298C15FAD8D19CB800767B7 /* Resources */ = {
			isa = PBXResourcesBuildPhase;
			buildActionMask = 2147483647;
			files = (
			);
			runOnlyForDeploymentPostprocessing = 0;
		};
		50F5FDC32F5CF43D00DC17D2 /* Resources */ = {
			isa = PBXResourcesBuildPhase;
			buildActionMask = 2147483647;
			files = (
				50F5FDCF2F5CF43D00DC17D2 /* Icon.png in Resources */,
				50F5FDDB2F5CF43D00DC17D2 /* Main.storyboard in Resources */,
				50F5FDD82F5CF43D00DC17D2 /* LaunchScreen.storyboard in Resources */,
				50F5FDCD2F5CF43D00DC17D2 /* Main.html in Resources */,
				50F5FDEA2F5CF44A00DC17D2 /* Assets.xcassets in Resources */,
				50F5FDD12F5CF43D00DC17D2 /* Style.css in Resources */,
				C93CC3B785B84CD03F4A5B66 /* Script.js in Resources */,
			);
			runOnlyForDeploymentPostprocessing = 0;
		};
		50F5FDE02F5CF44A00DC17D2 /* Resources */ = {
			isa = PBXResourcesBuildPhase;
			buildActionMask = 2147483647;
			files = (
				50F5FE042F5CF44E00DC17D2 /* content.js in Resources */,
				50F5FDFD2F5CF44E00DC17D2 /* popup.js in Resources */,
				50F5FE032F5CF44E00DC17D2 /* popup.css in Resources */,
				50F5FE002F5CF44E00DC17D2 /* popup.html in Resources */,
				50F5FE012F5CF44E00DC17D2 /* README.md in Resources */,
				50F5FDFF2F5CF44E00DC17D2 /* background.js in Resources */,
				50F5FE022F5CF44E00DC17D2 /* manifest.json in Resources */,
				50F5FDFE2F5CF44E00DC17D2 /* content.css in Resources */,
				88D3EA71A0D74F2F8FC8501E /* icons in Resources */,
			);
			runOnlyForDeploymentPostprocessing = 0;
		};
/* End PBXResourcesBuildPhase section */

/* Begin PBXSourcesBuildPhase section */
		50F5FDC12F5CF43D00DC17D2 /* Sources */ = {
			isa = PBXSourcesBuildPhase;
			buildActionMask = 2147483647;
			files = (
				50F5FDD52F5CF43D00DC17D2 /* ViewController.swift in Sources */,
				50F5FDC92F5CF43D00DC17D2 /* AppDelegate.swift in Sources */,
				50F5FDD32F5CF43D00DC17D2 /* SceneDelegate.swift in Sources */,
			);
			runOnlyForDeploymentPostprocessing = 0;
		};
		50F5FDDE2F5CF44A00DC17D2 /* Sources */ = {
			isa = PBXSourcesBuildPhase;
			buildActionMask = 2147483647;
			files = (
				50F5FDE82F5CF44A00DC17D2 /* SafariWebExtensionHandler.swift in Sources */,
			);
			runOnlyForDeploymentPostprocessing = 0;
		};
		722488D523AEDABF8CD1BDAB /* Sources */ = {
			isa = PBXSourcesBuildPhase;
			buildActionMask = 2147483647;
			files = (
				49DD48BF48BE1DF11AFF9881 /* SubtitleHoverTranslatorUITests.swift in Sources */,
			);
			runOnlyForDeploymentPostprocessing = 0;
		};
/* End PBXSourcesBuildPhase section */

/* Begin PBXTargetDependency section */
		50F5FDE52F5CF44A00DC17D2 /* PBXTargetDependency */ = {
			isa = PBXTargetDependency;
			target = 50F5FDE12F5CF44A00DC17D2 /* Subtitle Hover Translator Extension */;
			targetProxy = 50F5FDE42F5CF44A00DC17D2 /* PBXContainerItemProxy */;
		};
		CA9B58D93AD3CEF2EE8CB24F /* PBXTargetDependency */ = {
			isa = PBXTargetDependency;
			name = "Subtitle Hover Translator";
			target = 50F5FDC42F5CF43D00DC17D2 /* Subtitle Hover Translator */;
			targetProxy = 42F0DA5B690CD2998874BE11 /* PBXContainerItemProxy */;
		};
/* End PBXTargetDependency section */

/* Begin PBXVariantGroup section */
		50F5FDCB2F5CF43D00DC17D2 /* Main.html */ = {
			isa = PBXVariantGroup;
			children = (
				50F5FDCC2F5CF43D00DC17D2 /* Base */,
			);
			name = Main.html;
			sourceTree = "<group>";
		};
		50F5FDD62F5CF43D00DC17D2 /* LaunchScreen.storyboard */ = {
			isa = PBXVariantGroup;
			children = (
				50F5FDD72F5CF43D00DC17D2 /* Base */,
			);
			name = LaunchScreen.storyboard;
			sourceTree = "<group>";
		};
		50F5FDD92F5CF43D00DC17D2 /* Main.storyboard */ = {
			isa = PBXVariantGroup;
			children = (
				50F5FDDA2F5CF43D00DC17D2 /* Base */,
			);
			name = Main.storyboard;
			sourceTree = "<group>";
		};
/* End PBXVariantGroup section */

/* Begin XCBuildConfiguration section */
		12081EF0D74C7699023C9842 /* Debug */ = {
			isa = XCBuildConfiguration;
			buildSettings = {
				CLANG_ENABLE_OBJC_WEAK = NO;
				CODE_SIGN_STYLE = Automatic;
				CURRENT_PROJECT_VERSION = 1;
				GENERATE_INFOPLIST_FILE = NO;
				INFOPLIST_FILE = "Subtitle Hover TranslatorUITests/Info.plist";
				IPHONEOS_DEPLOYMENT_TARGET = 15.0;
				MARKETING_VERSION = 1.0;
				PRODUCT_BUNDLE_IDENTIFIER = com.yasinkaya.subtitlehovertranslator.uitests;
				PRODUCT_NAME = "$(TARGET_NAME)";
				SDKROOT = iphoneos;
				SWIFT_VERSION = 5.0;
				TARGETED_DEVICE_FAMILY = "1,2";
				TEST_TARGET_NAME = "Subtitle Hover Translator";
			};
			name = Debug;
		};
		50F5FDEB2F5CF44A00DC17D2 /* Debug */ = {
			isa = XCBuildConfiguration;
			buildSettings = {
				ALWAYS_SEARCH_USER_PATHS = NO;
				ASSETCATALOG_COMPILER_GENERATE_SWIFT_ASSET_SYMBOL_EXTENSIONS = YES;
				CLANG_ANALYZER_NONNULL = YES;
				CLANG_ANALYZER_NUMBER_OBJECT_CONVERSION = YES_AGGRESSIVE;
				CLANG_CXX_LANGUAGE_STANDARD = "gnu++20";
				CLANG_ENABLE_MODULES = YES;
				CLANG_ENABLE_OBJC_ARC = YES;
				CLANG_ENABLE_OBJC_WEAK = YES;
				CLANG_WARN_BLOCK_CAPTURE_AUTORELEASING = YES;
				CLANG_WARN_BOOL_CONVERSION = YES;
				CLANG_WARN_COMMA = YES;
				CLANG_WARN_CONSTANT_CONVERSION = YES;
				CLANG_WARN_DEPRECATED_OBJC_IMPLEMENTATIONS = YES;
				CLANG_WARN_DIRECT_OBJC_ISA_USAGE = YES_ERROR;
				CLANG_WARN_DOCUMENTATION_COMMENTS = YES;
				CLANG_WARN_EMPTY_BODY = YES;
				CLANG_WARN_ENUM_CONVERSION = YES;
				CLANG_WARN_INFINITE_RECURSION = YES;
				CLANG_WARN_INT_CONVERSION = YES;
				CLANG_WARN_NON_LITERAL_NULL_CONVERSION = YES;
				CLANG_WARN_OBJC_IMPLICIT_RETAIN_SELF = YES;
				CLANG_WARN_OBJC_LITERAL_CONVERSION = YES;
				CLANG_WARN_OBJC_ROOT_CLASS = YES_ERROR;
				CLANG_WARN_QUOTED_INCLUDE_IN_FRAMEWORK_HEADER = YES;
				CLANG_WARN_RANGE_LOOP_ANALYSIS = YES;
				CLANG_WARN_STRICT_PROTOTYPES = YES;
				CLANG_WARN_SUSPICIOUS_MOVE = YES;
				CLANG_WARN_UNGUARDED_AVAILABILITY = YES_AGGRESSIVE;
				CLANG_WARN_UNREACHABLE_CODE = YES;
				CLANG_WARN__DUPLICATE_METHOD_MATCH = YES;
				COPY_PHASE_STRIP = NO;
				DEBUG_INFORMATION_FORMAT = dwarf;
				ENABLE_STRICT_OBJC_MSGSEND = YES;
				ENABLE_TESTABILITY = YES;
				ENABLE_USER_SCRIPT_SANDBOXING = YES;
				GCC_C_LANGUAGE_STANDARD = gnu17;
				GCC_DYNAMIC_NO_PIC = NO;
				GCC_NO_COMMON_BLOCKS = YES;
				GCC_OPTIMIZATION_LEVEL = 0;
				GCC_PREPROCESSOR_DEFINITIONS = (
					"DEBUG=1",
					"$(inherited)",
				);
				GCC_WARN_64_TO_32_BIT_CONVERSION = YES;
				GCC_WARN_ABOUT_RETURN_TYPE = YES_ERROR;
				GCC_WARN_UNDECLARED_SELECTOR = YES;
				GCC_WARN_UNINITIALIZED_AUTOS = YES_AGGRESSIVE;
				GCC_WARN_UNUSED_FUNCTION = YES;
				GCC_WARN_UNUSED_VARIABLE = YES;
				IPHONEOS_DEPLOYMENT_TARGET = 26.2;
				LOCALIZATION_PREFERS_STRING_CATALOGS = YES;
				MTL_ENABLE_DEBUG_INFO = INCLUDE_SOURCE;
				MTL_FAST_MATH = YES;
				ONLY_ACTIVE_ARCH = YES;
				SDKROOT = iphoneos;
				SWIFT_ACTIVE_COMPILATION_CONDITIONS = "DEBUG $(inherited)";
				SWIFT_OPTIMIZATION_LEVEL = "-Onone";
			};
			name = Debug;
		};
		50F5FDEC2F5CF44A00DC17D2 /* Release */ = {
			isa = XCBuildConfiguration;
			buildSettings = {
				ALWAYS_SEARCH_USER_PATHS = NO;
				ASSETCATALOG_COMPILER_GENERATE_SWIFT_ASSET_SYMBOL_EXTENSIONS = YES;
				CLANG_ANALYZER_NONNULL = YES;
				CLANG_ANALYZER_NUMBER_OBJECT_CONVERSION = YES_AGGRESSIVE;
				CLANG_CXX_LANGUAGE_STANDARD = "gnu++20";
				CLANG_ENABLE_MODULES = YES;
				CLANG_ENABLE_OBJC_ARC = YES;
				CLANG_ENABLE_OBJC_WEAK = YES;
				CLANG_WARN_BLOCK_CAPTURE_AUTORELEASING = YES;
				CLANG_WARN_BOOL_CONVERSION = YES;
				CLANG_WARN_COMMA = YES;
				CLANG_WARN_CONSTANT_CONVERSION = YES;
				CLANG_WARN_DEPRECATED_OBJC_IMPLEMENTATIONS = YES;
				CLANG_WARN_DIRECT_OBJC_ISA_USAGE = YES_ERROR;
				CLANG_WARN_DOCUMENTATION_COMMENTS = YES;
				CLANG_WARN_EMPTY_BODY = YES;
				CLANG_WARN_ENUM_CONVERSION = YES;
				CLANG_WARN_INFINITE_RECURSION = YES;
				CLANG_WARN_INT_CONVERSION = YES;
				CLANG_WARN_NON_LITERAL_NULL_CONVERSION = YES;
				CLANG_WARN_OBJC_IMPLICIT_RETAIN_SELF = YES;
				CLANG_WARN_OBJC_LITERAL_CONVERSION = YES;
				CLANG_WARN_OBJC_ROOT_CLASS = YES_ERROR;
				CLANG_WARN_QUOTED_INCLUDE_IN_FRAMEWORK_HEADER = YES;
				CLANG_WARN_RANGE_LOOP_ANALYSIS = YES;
				CLANG_WARN_STRICT_PROTOTYPES = YES;
				CLANG_WARN_SUSPICIOUS_MOVE = YES;
				CLANG_WARN_UNGUARDED_AVAILABILITY = YES_AGGRESSIVE;
				CLANG_WARN_UNREACHABLE_CODE = YES;
				CLANG_WARN__DUPLICATE_METHOD_MATCH = YES;
				COPY_PHASE_STRIP = NO;
				DEBUG_INFORMATION_FORMAT = "dwarf-with-dsym";
				ENABLE_NS_ASSERTIONS = NO;
				ENABLE_STRICT_OBJC_MSGSEND = YES;
				ENABLE_USER_SCRIPT_SANDBOXING = YES;
				GCC_C_LANGUAGE_STANDARD = gnu17;
				GCC_NO_COMMON_BLOCKS = YES;
				GCC_WARN_64_TO_32_BIT_CONVERSION = YES;
				GCC_WARN_ABOUT_RETURN_TYPE = YES_ERROR;
				GCC_WARN_UNDECLARED_SELECTOR = YES;
				GCC_WARN_UNINITIALIZED_AUTOS = YES_AGGRESSIVE;
				GCC_WARN_UNUSED_FUNCTION = YES;
				GCC_WARN_UNUSED_VARIABLE = YES;
				IPHONEOS_DEPLOYMENT_TARGET = 26.2;
				LOCALIZATION_PREFERS_STRING_CATALOGS = YES;
				MTL_ENABLE_DEBUG_INFO = NO;
				MTL_FAST_MATH = YES;
				SDKROOT = iphoneos;
				SWIFT_COMPILATION_MODE = wholemodule;
				VALIDATE_PRODUCT = YES;
			};
			name = Release;
		};
		50F5FDEE2F5CF44A00DC17D2 /* Debug */ = {
			isa = XCBuildConfiguration;
			buildSettings = {
				CODE_SIGN_STYLE = Automatic;
				CURRENT_PROJECT_VERSION = 1;
				GENERATE_INFOPLIST_FILE = YES;
				INFOPLIST_FILE = "Subtitle Hover Translator Extension/Info.plist";
				INFOPLIST_KEY_CFBundleDisplayName = "Subtitle Hover Translator Extension";
				INFOPLIST_KEY_NSHumanReadableCopyright = "";
				IPHONEOS_DEPLOYMENT_TARGET = 15.0;
				LD_RUNPATH_SEARCH_PATHS = (
					"$(inherited)",
					"@executable_path/Frameworks",
					"@executable_path/../../Frameworks",
				);
				MARKETING_VERSION = 1.0;
				OTHER_LDFLAGS = (
					"-framework",
					SafariServices,
				);
				PRODUCT_BUNDLE_IDENTIFIER = com.yasinkaya.subtitlehovertranslator.extension;
				PRODUCT_NAME = "$(TARGET_NAME)";
				SKIP_INSTALL = YES;
				STRING_CATALOG_GENERATE_SYMBOLS = YES;
				SWIFT_APPROACHABLE_CONCURRENCY = YES;
				SWIFT_EMIT_LOC_STRINGS = YES;
				SWIFT_UPCOMING_FEATURE_MEMBER_IMPORT_VISIBILITY = YES;
				SWIFT_VERSION = 5.0;
				TARGETED_DEVICE_FAMILY = "1,2";
			};
			name = Debug;
		};
		50F5FDEF2F5CF44A00DC17D2 /* Release */ = {
			isa = XCBuildConfiguration;
			buildSettings = {
				CODE_SIGN_STYLE = Automatic;
				CURRENT_PROJECT_VERSION = 1;
				GENERATE_INFOPLIST_FILE = YES;
				INFOPLIST_FILE = "Subtitle Hover Translator Extension/Info.plist";
				INFOPLIST_KEY_CFBundleDisplayName = "Subtitle Hover Translator Extension";
				INFOPLIST_KEY_NSHumanReadableCopyright = "";
				IPHONEOS_DEPLOYMENT_TARGET = 15.0;
				LD_RUNPATH_SEARCH_PATHS = (
					"$(inherited)",
					"@executable_path/Frameworks",
					"@executable_path/../../Frameworks",
				);
				MARKETING_VERSION = 1.0;
				OTHER_LDFLAGS = (
					"-framework",
					SafariServices,
				);
				PRODUCT_BUNDLE_IDENTIFIER = com.yasinkaya.subtitlehovertranslator.extension;
				PRODUCT_NAME = "$(TARGET_NAME)";
				SKIP_INSTALL = YES;
				STRING_CATALOG_GENERATE_SYMBOLS = YES;
				SWIFT_APPROACHABLE_CONCURRENCY = YES;
				SWIFT_EMIT_LOC_STRINGS = YES;
				SWIFT_UPCOMING_FEATURE_MEMBER_IMPORT_VISIBILITY = YES;
				SWIFT_VERSION = 5.0;
				TARGETED_DEVICE_FAMILY = "1,2";
			};
			name = Release;
		};
		50F5FDF22F5CF44A00DC17D2 /* Debug */ = {
			isa = XCBuildConfiguration;
			buildSettings = {
				ASSETCATALOG_COMPILER_APPICON_NAME = AppIcon;
				ASSETCATALOG_COMPILER_GLOBAL_ACCENT_COLOR_NAME = AccentColor;
				CODE_SIGN_STYLE = Automatic;
				CURRENT_PROJECT_VERSION = 1;
				GENERATE_INFOPLIST_FILE = YES;
				INFOPLIST_FILE = "Subtitle Hover Translator/Info.plist";
				INFOPLIST_KEY_CFBundleDisplayName = "Subtitle Hover Translator";
				INFOPLIST_KEY_UIApplicationSupportsIndirectInputEvents = YES;
				INFOPLIST_KEY_UILaunchStoryboardName = LaunchScreen;
				INFOPLIST_KEY_UIMainStoryboardFile = Main;
				INFOPLIST_KEY_UISupportedInterfaceOrientations_iPad = "UIInterfaceOrientationPortrait UIInterfaceOrientationPortraitUpsideDown UIInterfaceOrientationLandscapeLeft UIInterfaceOrientationLandscapeRight";
				INFOPLIST_KEY_UISupportedInterfaceOrientations_iPhone = "UIInterfaceOrientationPortrait UIInterfaceOrientationLandscapeLeft UIInterfaceOrientationLandscapeRight";
				IPHONEOS_DEPLOYMENT_TARGET = 15.0;
				LD_RUNPATH_SEARCH_PATHS = (
					"$(inherited)",
					"@executable_path/Frameworks",
				);
				MARKETING_VERSION = 1.0;
				OTHER_LDFLAGS = (
					"-framework",
					SafariServices,
					"-framework",
					WebKit,
				);
				PRODUCT_BUNDLE_IDENTIFIER = com.yasinkaya.subtitlehovertranslator;
				PRODUCT_NAME = "$(TARGET_NAME)";
				STRING_CATALOG_GENERATE_SYMBOLS = YES;
				SWIFT_APPROACHABLE_CONCURRENCY = YES;
				SWIFT_DEFAULT_ACTOR_ISOLATION = MainActor;
				SWIFT_EMIT_LOC_STRINGS = YES;
				SWIFT_UPCOMING_FEATURE_MEMBER_IMPORT_VISIBILITY = YES;
				SWIFT_VERSION = 5.0;
				TARGETED_DEVICE_FAMILY = "1,2";
			};
			name = Debug;
		};
		50F5FDF32F5CF44A00DC17D2 /* Release */ = {
			isa = XCBuildConfiguration;
			buildSettings = {
				ASSETCATALOG_COMPILER_APPICON_NAME = AppIcon;
				ASSETCATALOG_COMPILER_GLOBAL_ACCENT_COLOR_NAME = AccentColor;
				CODE_SIGN_STYLE = Automatic;
				CURRENT_PROJECT_VERSION = 1;
				GENERATE_INFOPLIST_FILE = YES;
				INFOPLIST_FILE = "Subtitle Hover Translator/Info.plist";
				INFOPLIST_KEY_CFBundleDisplayName = "Subtitle Hover Translator";
				INFOPLIST_KEY_UIApplicationSupportsIndirectInputEvents = YES;
				INFOPLIST_KEY_UILaunchStoryboardName = LaunchScreen;
				INFOPLIST_KEY_UIMainStoryboardFile = Main;
				INFOPLIST_KEY_UISupportedInterfaceOrientations_iPad = "UIInterfaceOrientationPortrait UIInterfaceOrientationPortraitUpsideDown UIInterfaceOrientationLandscapeLeft UIInterfaceOrientationLandscapeRight";
				INFOPLIST_KEY_UISupportedInterfaceOrientations_iPhone = "UIInterfaceOrientationPortrait UIInterfaceOrientationLandscapeLeft UIInterfaceOrientationLandscapeRight";
				IPHONEOS_DEPLOYMENT_TARGET = 15.0;
				LD_RUNPATH_SEARCH_PATHS = (
					"$(inherited)",
					"@executable_path/Frameworks",
				);
				MARKETING_VERSION = 1.0;
				OTHER_LDFLAGS = (
					"-framework",
					SafariServices,
					"-framework",
					WebKit,
				);
				PRODUCT_BUNDLE_IDENTIFIER = com.yasinkaya.subtitlehovertranslator;
				PRODUCT_NAME = "$(TARGET_NAME)";
				STRING_CATALOG_GENERATE_SYMBOLS = YES;
				SWIFT_APPROACHABLE_CONCURRENCY = YES;
				SWIFT_DEFAULT_ACTOR_ISOLATION = MainActor;
				SWIFT_EMIT_LOC_STRINGS = YES;
				SWIFT_UPCOMING_FEATURE_MEMBER_IMPORT_VISIBILITY = YES;
				SWIFT_VERSION = 5.0;
				TARGETED_DEVICE_FAMILY = "1,2";
			};
			name = Release;
		};
		94B63957AD69A73D1DC5DDE8 /* Release */ = {
			isa = XCBuildConfiguration;
			buildSettings = {
				CLANG_ENABLE_OBJC_WEAK = NO;
				CODE_SIGN_STYLE = Automatic;
				CURRENT_PROJECT_VERSION = 1;
				GENERATE_INFOPLIST_FILE = NO;
				INFOPLIST_FILE = "Subtitle Hover TranslatorUITests/Info.plist";
				IPHONEOS_DEPLOYMENT_TARGET = 15.0;
				MARKETING_VERSION = 1.0;
				PRODUCT_BUNDLE_IDENTIFIER = com.yasinkaya.subtitlehovertranslator.uitests;
				PRODUCT_NAME = "$(TARGET_NAME)";
				SDKROOT = iphoneos;
				SWIFT_VERSION = 5.0;
				TARGETED_DEVICE_FAMILY = "1,2";
				TEST_TARGET_NAME = "Subtitle Hover Translator";
				VALIDATE_PRODUCT = YES;
			};
			name = Release;
		};
/* End XCBuildConfiguration section */

/* Begin XCConfigurationList section */
		50F5FDC02F5CF43D00DC17D2 /* Build configuration list for PBXProject "Subtitle Hover Translator" */ = {
			isa = XCConfigurationList;
			buildConfigurations = (
				50F5FDEB2F5CF44A00DC17D2 /* Debug */,
				50F5FDEC2F5CF44A00DC17D2 /* Release */,
			);
			defaultConfigurationIsVisible = 0;
			defaultConfigurationName = Release;
		};
		50F5FDED2F5CF44A00DC17D2 /* Build configuration list for PBXNativeTarget "Subtitle Hover Translator Extension" */ = {
			isa = XCConfigurationList;
			buildConfigurations = (
				50F5FDEE2F5CF44A00DC17D2 /* Debug */,
				50F5FDEF2F5CF44A00DC17D2 /* Release */,
			);
			defaultConfigurationIsVisible = 0;
			defaultConfigurationName = Release;
		};
		50F5FDF12F5CF44A00DC17D2 /* Build configuration list for PBXNativeTarget "Subtitle Hover Translator" */ = {
			isa = XCConfigurationList;
			buildConfigurations = (
				50F5FDF22F5CF44A00DC17D2 /* Debug */,
				50F5FDF32F5CF44A00DC17D2 /* Release */,
			);
			defaultConfigurationIsVisible = 0;
			defaultConfigurationName = Release;
		};
		85778A4CCDA0411AC4DB0BD1 /* Build configuration list for PBXNativeTarget "Subtitle Hover TranslatorUITests" */ = {
			isa = XCConfigurationList;
			buildConfigurations = (
				94B63957AD69A73D1DC5DDE8 /* Release */,
				12081EF0D74C7699023C9842 /* Debug */,
			);
			defaultConfigurationIsVisible = 0;
			defaultConfigurationName = Release;
		};
/* End XCConfigurationList section */
	};
	rootObject = 50F5FDBD2F5CF43D00DC17D2 /* Project object */;
}
